
Microsoft Visual Studio Solution File, Format Version 12.00
# Visual Studio Version 16
VisualStudioVersion = 16.0.30503.244
MinimumVisualStudioVersion = 10.0.40219.1
Project("{FAE04EC0-301F-11D3-BF4B-00C04F79EFBC}") = "SYSA-Project-2", "SYSA-Project-2.csproj", "{D00AE02A-AB97-4E04-9CEA-C42168F43939}"
EndProject
Global
	GlobalSection(SolutionConfigurationPlatforms) = preSolution
		Debug|Any CPU = Debug|Any CPU
		Release|Any CPU = Release|Any CPU
	EndGlobalSection
	GlobalSection(ProjectConfigurationPlatforms) = postSolution
		{D00AE02A-AB97-4E04-9CEA-C42168F43939}.Debug|Any CPU.ActiveCfg = Debug|Any CPU
		{D00AE02A-AB97-4E04-9CEA-C42168F43939}.Debug|Any CPU.Build.0 = Debug|Any CPU
		{D00AE02A-AB97-4E04-9CEA-C42168F43939}.Release|Any CPU.ActiveCfg = Release|Any CPU
		{D00AE02A-AB97-4E04-9CEA-C42168F43939}.Release|Any CPU.Build.0 = Release|Any CPU
	EndGlobalSection
	GlobalSection(SolutionProperties) = preSolution
		HideSolutionNode = FALSE
	EndGlobalSection
	GlobalSection(ExtensibilityGlobals) = postSolution
		SolutionGuid = {EBEB3B55-1C5E-4F8F-B965-4B81F96DBA87}
	EndGlobalSection
EndGlobal
